
Microsoft Visual Studio Solution File, Format Version 12.00
# Visual Studio Version 17
VisualStudioVersion = 17.3.32901.215
MinimumVisualStudioVersion = 10.0.40219.1
Project("{FAE04EC0-301F-11D3-BF4B-00C04F79EFBC}") = "task6 Factory Method", "task6 Factory Method\task6 Factory Method.csproj", "{597C9215-39D3-49E2-8948-F4BA981F99C9}"
EndProject
Global
	GlobalSection(SolutionConfigurationPlatforms) = preSolution
		Debug|Any CPU = Debug|Any CPU
		Release|Any CPU = Release|Any CPU
	EndGlobalSection
	GlobalSection(ProjectConfigurationPlatforms) = postSolution
		{597C9215-39D3-49E2-8948-F4BA981F99C9}.Debug|Any CPU.ActiveCfg = Debug|Any CPU
		{597C9215-39D3-49E2-8948-F4BA981F99C9}.Debug|Any CPU.Build.0 = Debug|Any CPU
		{597C9215-39D3-49E2-8948-F4BA981F99C9}.Release|Any CPU.ActiveCfg = Release|Any CPU
		{597C9215-39D3-49E2-8948-F4BA981F99C9}.Release|Any CPU.Build.0 = Release|Any CPU
	EndGlobalSection
	GlobalSection(SolutionProperties) = preSolution
		HideSolutionNode = FALSE
	EndGlobalSection
	GlobalSection(ExtensibilityGlobals) = postSolution
		SolutionGuid = {F8E704BD-5F14-41E3-98D1-88F3EB13EDC4}
	EndGlobalSection
EndGlobal
